
Microsoft Visual Studio Solution File, Format Version 12.00
# Visual Studio Version 16
VisualStudioVersion = 16.0.29230.61
MinimumVisualStudioVersion = 10.0.40219.1
Project("{FAE04EC0-301F-11D3-BF4B-00C04F79EFBC}") = "DrinkGalleryApp.Android", "DrinkGalleryApp\DrinkGalleryApp.Android\DrinkGalleryApp.Android.csproj", "{3E7395D8-D894-47C5-B376-7C22E0B4B8A2}"
EndProject
Project("{FAE04EC0-301F-11D3-BF4B-00C04F79EFBC}") = "DrinkGalleryApp.iOS", "DrinkGalleryApp\DrinkGalleryApp.iOS\DrinkGalleryApp.iOS.csproj", "{09279B25-DA54-488D-A073-6C19663DE67A}"
EndProject
Project("{FAE04EC0-301F-11D3-BF4B-00C04F79EFBC}") = "DrinkGalleryApp", "DrinkGalleryApp\DrinkGalleryApp\DrinkGalleryApp.csproj", "{B5716E25-050F-43FC-AEFE-8C727CF05847}"
EndProject
Global
	GlobalSection(SolutionConfigurationPlatforms) = preSolution
		Debug|Any CPU = Debug|Any CPU
		Debug|ARM = Debug|ARM
		Debug|iPhone = Debug|iPhone
		Debug|iPhoneSimulator = Debug|iPhoneSimulator
		Debug|x64 = Debug|x64
		Debug|x86 = Debug|x86
		Release|Any CPU = Release|Any CPU
		Release|ARM = Release|ARM
		Release|iPhone = Release|iPhone
		Release|iPhoneSimulator = Release|iPhoneSimulator
		Release|x64 = Release|x64
		Release|x86 = Release|x86
	EndGlobalSection
	GlobalSection(ProjectConfigurationPlatforms) = postSolution
		{3E7395D8-D894-47C5-B376-7C22E0B4B8A2}.Debug|Any CPU.ActiveCfg = Debug|Any CPU
		{3E7395D8-D894-47C5-B376-7C22E0B4B8A2}.Debug|Any CPU.Build.0 = Debug|Any CPU
		{3E7395D8-D894-47C5-B376-7C22E0B4B8A2}.Debug|Any CPU.Deploy.0 = Debug|Any CPU
		{3E7395D8-D894-47C5-B376-7C22E0B4B8A2}.Debug|ARM.ActiveCfg = Debug|Any CPU
		{3E7395D8-D894-47C5-B376-7C22E0B4B8A2}.Debug|ARM.Build.0 = Debug|Any CPU
		{3E7395D8-D894-47C5-B376-7C22E0B4B8A2}.Debug|ARM.Deploy.0 = Debug|Any CPU
		{3E7395D8-D894-47C5-B376-7C22E0B4B8A2}.Debug|iPhone.ActiveCfg = Debug|Any CPU
		{3E7395D8-D894-47C5-B376-7C22E0B4B8A2}.Debug|iPhone.Build.0 = Debug|Any CPU
		{3E7395D8-D894-47C5-B376-7C22E0B4B8A2}.Debug|iPhone.Deploy.0 = Debug|Any CPU
		{3E7395D8-D894-47C5-B376-7C22E0B4B8A2}.Debug|iPhoneSimulator.ActiveCfg = Debug|Any CPU
		{3E7395D8-D894-47C5-B376-7C22E0B4B8A2}.Debug|iPhoneSimulator.Build.0 = Debug|Any CPU
		{3E7395D8-D894-47C5-B376-7C22E0B4B8A2}.Debug|iPhoneSimulator.Deploy.0 = Debug|Any CPU
		{3E7395D8-D894-47C5-B376-7C22E0B4B8A2}.Debug|x64.ActiveCfg = Debug|Any CPU
		{3E7395D8-D894-47C5-B376-7C22E0B4B8A2}.Debug|x64.Build.0 = Debug|Any CPU
		{3E7395D8-D894-47C5-B376-7C22E0B4B8A2}.Debug|x64.Deploy.0 = Debug|Any CPU
		{3E7395D8-D894-47C5-B376-7C22E0B4B8A2}.Debug|x86.ActiveCfg = Debug|Any CPU
		{3E7395D8-D894-47C5-B376-7C22E0B4B8A2}.Debug|x86.Build.0 = Debug|Any CPU
		{3E7395D8-D894-47C5-B376-7C22E0B4B8A2}.Debug|x86.Deploy.0 = Debug|Any CPU
		{3E7395D8-D894-47C5-B376-7C22E0B4B8A2}.Release|Any CPU.ActiveCfg = Release|Any CPU
		{3E7395D8-D894-47C5-B376-7C22E0B4B8A2}.Release|Any CPU.Build.0 = Release|Any CPU
		{3E7395D8-D894-47C5-B376-7C22E0B4B8A2}.Release|Any CPU.Deploy.0 = Release|Any CPU
		{3E7395D8-D894-47C5-B376-7C22E0B4B8A2}.Release|ARM.ActiveCfg = Release|Any CPU
		{3E7395D8-D894-47C5-B376-7C22E0B4B8A2}.Release|ARM.Build.0 = Release|Any CPU
		{3E7395D8-D894-47C5-B376-7C22E0B4B8A2}.Release|ARM.Deploy.0 = Release|Any CPU
		{3E7395D8-D894-47C5-B376-7C22E0B4B8A2}.Release|iPhone.ActiveCfg = Release|Any CPU
		{3E7395D8-D894-47C5-B376-7C22E0B4B8A2}.Release|iPhone.Build.0 = Release|Any CPU
		{3E7395D8-D894-47C5-B376-7C22E0B4B8A2}.Release|iPhone.Deploy.0 = Release|Any CPU
		{3E7395D8-D894-47C5-B376-7C22E0B4B8A2}.Release|iPhoneSimulator.ActiveCfg = Release|Any CPU
		{3E7395D8-D894-47C5-B376-7C22E0B4B8A2}.Release|iPhoneSimulator.Build.0 = Release|Any CPU
		{3E7395D8-D894-47C5-B376-7C22E0B4B8A2}.Release|iPhoneSimulator.Deploy.0 = Release|Any CPU
		{3E7395D8-D894-47C5-B376-7C22E0B4B8A2}.Release|x64.ActiveCfg = Release|Any CPU
		{3E7395D8-D894-47C5-B376-7C22E0B4B8A2}.Release|x64.Build.0 = Release|Any CPU
		{3E7395D8-D894-47C5-B376-7C22E0B4B8A2}.Release|x64.Deploy.0 = Release|Any CPU
		{3E7395D8-D894-47C5-B376-7C22E0B4B8A2}.Release|x86.ActiveCfg = Release|Any CPU
		{3E7395D8-D894-47C5-B376-7C22E0B4B8A2}.Release|x86.Build.0 = Release|Any CPU
		{3E7395D8-D894-47C5-B376-7C22E0B4B8A2}.Release|x86.Deploy.0 = Release|Any CPU
		{09279B25-DA54-488D-A073-6C19663DE67A}.Debug|Any CPU.ActiveCfg = Debug|iPhone
		{09279B25-DA54-488D-A073-6C19663DE67A}.Debug|Any CPU.Build.0 = Debug|iPhone
		{09279B25-DA54-488D-A073-6C19663DE67A}.Debug|Any CPU.Deploy.0 = Debug|iPhone
		{09279B25-DA54-488D-A073-6C19663DE67A}.Debug|ARM.ActiveCfg = Debug|iPhoneSimulator
		{09279B25-DA54-488D-A073-6C19663DE67A}.Debug|ARM.Build.0 = Debug|iPhoneSimulator
		{09279B25-DA54-488D-A073-6C19663DE67A}.Debug|ARM.Deploy.0 = Debug|iPhoneSimulator
		{09279B25-DA54-488D-A073-6C19663DE67A}.Debug|iPhone.ActiveCfg = Debug|iPhone
		{09279B25-DA54-488D-A073-6C19663DE67A}.Debug|iPhone.Build.0 = Debug|iPhone
		{09279B25-DA54-488D-A073-6C19663DE67A}.Debug|iPhone.Deploy.0 = Debug|iPhone
		{09279B25-DA54-488D-A073-6C19663DE67A}.Debug|iPhoneSimulator.ActiveCfg = Debug|iPhoneSimulator
		{09279B25-DA54-488D-A073-6C19663DE67A}.Debug|iPhoneSimulator.Build.0 = Debug|iPhoneSimulator
		{09279B25-DA54-488D-A073-6C19663DE67A}.Debug|iPhoneSimulator.Deploy.0 = Debug|iPhoneSimulator
		{09279B25-DA54-488D-A073-6C19663DE67A}.Debug|x64.ActiveCfg = Debug|iPhone
		{09279B25-DA54-488D-A073-6C19663DE67A}.Debug|x64.Build.0 = Debug|iPhone
		{09279B25-DA54-488D-A073-6C19663DE67A}.Debug|x64.Deploy.0 = Debug|iPhone
		{09279B25-DA54-488D-A073-6C19663DE67A}.Debug|x86.ActiveCfg = Debug|iPhone
		{09279B25-DA54-488D-A073-6C19663DE67A}.Debug|x86.Build.0 = Debug|iPhone
		{09279B25-DA54-488D-A073-6C19663DE67A}.Debug|x86.Deploy.0 = Debug|iPhone
		{09279B25-DA54-488D-A073-6C19663DE67A}.Release|Any CPU.ActiveCfg = Release|iPhone
		{09279B25-DA54-488D-A073-6C19663DE67A}.Release|Any CPU.Build.0 = Release|iPhone
		{09279B25-DA54-488D-A073-6C19663DE67A}.Release|Any CPU.Deploy.0 = Release|iPhone
		{09279B25-DA54-488D-A073-6C19663DE67A}.Release|ARM.ActiveCfg = Release|iPhone
		{09279B25-DA54-488D-A073-6C19663DE67A}.Release|ARM.Build.0 = Release|iPhone
		{09279B25-DA54-488D-A073-6C19663DE67A}.Release|ARM.Deploy.0 = Release|iPhone
		{09279B25-DA54-488D-A073-6C19663DE67A}.Release|iPhone.ActiveCfg = Release|iPhone
		{09279B25-DA54-488D-A073-6C19663DE67A}.Release|iPhone.Build.0 = Release|iPhone
		{09279B25-DA54-488D-A073-6C19663DE67A}.Release|iPhone.Deploy.0 = Release|iPhone
		{09279B25-DA54-488D-A073-6C19663DE67A}.Release|iPhoneSimulator.ActiveCfg = Release|iPhoneSimulator
		{09279B25-DA54-488D-A073-6C19663DE67A}.Release|iPhoneSimulator.Build.0 = Release|iPhoneSimulator
		{09279B25-DA54-488D-A073-6C19663DE67A}.Release|iPhoneSimulator.Deploy.0 = Release|iPhoneSimulator
		{09279B25-DA54-488D-A073-6C19663DE67A}.Release|x64.ActiveCfg = Release|iPhone
		{09279B25-DA54-488D-A073-6C19663DE67A}.Release|x64.Build.0 = Release|iPhone
		{09279B25-DA54-488D-A073-6C19663DE67A}.Release|x64.Deploy.0 = Release|iPhone
		{09279B25-DA54-488D-A073-6C19663DE67A}.Release|x86.ActiveCfg = Release|iPhone
		{09279B25-DA54-488D-A073-6C19663DE67A}.Release|x86.Build.0 = Release|iPhone
		{09279B25-DA54-488D-A073-6C19663DE67A}.Release|x86.Deploy.0 = Release|iPhone
		{B5716E25-050F-43FC-AEFE-8C727CF05847}.Debug|Any CPU.ActiveCfg = Debug|Any CPU
		{B5716E25-050F-43FC-AEFE-8C727CF05847}.Debug|Any CPU.Build.0 = Debug|Any CPU
		{B5716E25-050F-43FC-AEFE-8C727CF05847}.Debug|Any CPU.Deploy.0 = Debug|Any CPU
		{B5716E25-050F-43FC-AEFE-8C727CF05847}.Debug|ARM.ActiveCfg = Debug|Any CPU
		{B5716E25-050F-43FC-AEFE-8C727CF05847}.Debug|ARM.Build.0 = Debug|Any CPU
		{B5716E25-050F-43FC-AEFE-8C727CF05847}.Debug|ARM.Deploy.0 = Debug|Any CPU
		{B5716E25-050F-43FC-AEFE-8C727CF05847}.Debug|iPhone.ActiveCfg = Debug|Any CPU
		{B5716E25-050F-43FC-AEFE-8C727CF05847}.Debug|iPhone.Build.0 = Debug|Any CPU
		{B5716E25-050F-43FC-AEFE-8C727CF05847}.Debug|iPhone.Deploy.0 = Debug|Any CPU
		{B5716E25-050F-43FC-AEFE-8C727CF05847}.Debug|iPhoneSimulator.ActiveCfg = Debug|Any CPU
		{B5716E25-050F-43FC-AEFE-8C727CF05847}.Debug|iPhoneSimulator.Build.0 = Debug|Any CPU
		{B5716E25-050F-43FC-AEFE-8C727CF05847}.Debug|iPhoneSimulator.Deploy.0 = Debug|Any CPU
		{B5716E25-050F-43FC-AEFE-8C727CF05847}.Debug|x64.ActiveCfg = Debug|Any CPU
		{B5716E25-050F-43FC-AEFE-8C727CF05847}.Debug|x64.Build.0 = Debug|Any CPU
		{B5716E25-050F-43FC-AEFE-8C727CF05847}.Debug|x64.Deploy.0 = Debug|Any CPU
		{B5716E25-050F-43FC-AEFE-8C727CF05847}.Debug|x86.ActiveCfg = Debug|Any CPU
		{B5716E25-050F-43FC-AEFE-8C727CF05847}.Debug|x86.Build.0 = Debug|Any CPU
		{B5716E25-050F-43FC-AEFE-8C727CF05847}.Debug|x86.Deploy.0 = Debug|Any CPU
		{B5716E25-050F-43FC-AEFE-8C727CF05847}.Release|Any CPU.ActiveCfg = Release|Any CPU
		{B5716E25-050F-43FC-AEFE-8C727CF05847}.Release|Any CPU.Build.0 = Release|Any CPU
		{B5716E25-050F-43FC-AEFE-8C727CF05847}.Release|Any CPU.Deploy.0 = Release|Any CPU
		{B5716E25-050F-43FC-AEFE-8C727CF05847}.Release|ARM.ActiveCfg = Release|Any CPU
		{B5716E25-050F-43FC-AEFE-8C727CF05847}.Release|ARM.Build.0 = Release|Any CPU
		{B5716E25-050F-43FC-AEFE-8C727CF05847}.Release|ARM.Deploy.0 = Release|Any CPU
		{B5716E25-050F-43FC-AEFE-8C727CF05847}.Release|iPhone.ActiveCfg = Release|Any CPU
		{B5716E25-050F-43FC-AEFE-8C727CF05847}.Release|iPhone.Build.0 = Release|Any CPU
		{B5716E25-050F-43FC-AEFE-8C727CF05847}.Release|iPhone.Deploy.0 = Release|Any CPU
		{B5716E25-050F-43FC-AEFE-8C727CF05847}.Release|iPhoneSimulator.ActiveCfg = Release|Any CPU
		{B5716E25-050F-43FC-AEFE-8C727CF05847}.Release|iPhoneSimulator.Build.0 = Release|Any CPU
		{B5716E25-050F-43FC-AEFE-8C727CF05847}.Release|iPhoneSimulator.Deploy.0 = Release|Any CPU
		{B5716E25-050F-43FC-AEFE-8C727CF05847}.Release|x64.ActiveCfg = Release|Any CPU
		{B5716E25-050F-43FC-AEFE-8C727CF05847}.Release|x64.Build.0 = Release|Any CPU
		{B5716E25-050F-43FC-AEFE-8C727CF05847}.Release|x64.Deploy.0 = Release|Any CPU
		{B5716E25-050F-43FC-AEFE-8C727CF05847}.Release|x86.ActiveCfg = Release|Any CPU
		{B5716E25-050F-43FC-AEFE-8C727CF05847}.Release|x86.Build.0 = Release|Any CPU
		{B5716E25-050F-43FC-AEFE-8C727CF05847}.Release|x86.Deploy.0 = Release|Any CPU
	EndGlobalSection
	GlobalSection(SolutionProperties) = preSolution
		HideSolutionNode = FALSE
	EndGlobalSection
	GlobalSection(ExtensibilityGlobals) = postSolution
		SolutionGuid = {43CE1001-9C00-4A96-B6E0-5532EEE3C3AA}
	EndGlobalSection
EndGlobal
